// !$*UTF8*$!
{
	archiveVersion = 1;
	classes = {
	};
	objectVersion = 48;
	objects = {

/* Begin PBXBuildFile section */
		5A3ED26620F4AA6700E79CE6 /* AppDelegate.swift in Sources */ = {isa = PBXBuildFile; fileRef = 5A3ED26520F4AA6700E79CE6 /* AppDelegate.swift */; };
		5A3ED26820F4AA6700E79CE6 /* OverviewViewController.swift in Sources */ = {isa = PBXBuildFile; fileRef = 5A3ED26720F4AA6700E79CE6 /* OverviewViewController.swift */; };
		5A3ED26B20F4AA6700E79CE6 /* Main.storyboard in Resources */ = {isa = PBXBuildFile; fileRef = 5A3ED26920F4AA6700E79CE6 /* Main.storyboard */; };
		5A3ED26D20F4AA6A00E79CE6 /* Assets.xcassets in Resources */ = {isa = PBXBuildFile; fileRef = 5A3ED26C20F4AA6A00E79CE6 /* Assets.xcassets */; };
		5A3ED27020F4AA6A00E79CE6 /* LaunchScreen.storyboard in Resources */ = {isa = PBXBuildFile; fileRef = 5A3ED26E20F4AA6A00E79CE6 /* LaunchScreen.storyboard */; };
		5A3EE36320FC93E100756EC8 /* BriefTransactionTableViewCell.xib in Resources */ = {isa = PBXBuildFile; fileRef = 5A3EE36220FC93E100756EC8 /* BriefTransactionTableViewCell.xib */; };
		5A3EE36520FC950B00756EC8 /* BriefTransactionTableViewCell.swift in Sources */ = {isa = PBXBuildFile; fileRef = 5A3EE36420FC950B00756EC8 /* BriefTransactionTableViewCell.swift */; };
		5A3F33F82101D5B300B28C14 /* TransactionListViewController.swift in Sources */ = {isa = PBXBuildFile; fileRef = 5A3F33F72101D5B200B28C14 /* TransactionListViewController.swift */; };
		5A3F33FA2101D7A700B28C14 /* GroupedTransactionTableViewCell.xib in Resources */ = {isa = PBXBuildFile; fileRef = 5A3F33F92101D7A700B28C14 /* GroupedTransactionTableViewCell.xib */; };
		5A3F33FC2101D7B800B28C14 /* GroupedTransactionTableViewCell.swift in Sources */ = {isa = PBXBuildFile; fileRef = 5A3F33FB2101D7B800B28C14 /* GroupedTransactionTableViewCell.swift */; };
		5A3F33FE2101E36100B28C14 /* NewTransactionViewController.swift in Sources */ = {isa = PBXBuildFile; fileRef = 5A3F33FD2101E36100B28C14 /* NewTransactionViewController.swift */; };
		5A4690BA20F5FE4400911E04 /* Transaction.swift in Sources */ = {isa = PBXBuildFile; fileRef = 5A4690B920F5FE4400911E04 /* Transaction.swift */; };
		5A4690BC20F600DF00911E04 /* OverviewTableViewCell.xib in Resources */ = {isa = PBXBuildFile; fileRef = 5A4690BB20F600DF00911E04 /* OverviewTableViewCell.xib */; };
		5A4690BE20F6017200911E04 /* OverviewTableViewCell.swift in Sources */ = {isa = PBXBuildFile; fileRef = 5A4690BD20F6017200911E04 /* OverviewTableViewCell.swift */; };
		5A6BF0E320F75D0A0035407A /* RealmWrapper.swift in Sources */ = {isa = PBXBuildFile; fileRef = 5A6BF0E220F75D0A0035407A /* RealmWrapper.swift */; };
		5A8A05EA20FDD65300D98280 /* PersonViewController.swift in Sources */ = {isa = PBXBuildFile; fileRef = 5A8A05E920FDD65300D98280 /* PersonViewController.swift */; };
		5A9BC28820F8A12600DAFAC1 /* PeopleViewController.swift in Sources */ = {isa = PBXBuildFile; fileRef = 5A9BC28720F8A12600DAFAC1 /* PeopleViewController.swift */; };
		C2ED3D93ECF20D208D037617 /* Pods_DebtCollector.framework in Frameworks */ = {isa = PBXBuildFile; fileRef = 9E003D07B2AA4C3D8BEE2F21 /* Pods_DebtCollector.framework */; };
/* End PBXBuildFile section */

/* Begin PBXFileReference section */
		280BCFAF28ED4605356A222F /* Pods-DebtCollector.debug.xcconfig */ = {isa = PBXFileReference; includeInIndex = 1; lastKnownFileType = text.xcconfig; name = "Pods-DebtCollector.debug.xcconfig"; path = "Pods/Target Support Files/Pods-DebtCollector/Pods-DebtCollector.debug.xcconfig"; sourceTree = "<group>"; };
		5A3ED26220F4AA6700E79CE6 /* DebtCollector.app */ = {isa = PBXFileReference; explicitFileType = wrapper.application; includeInIndex = 0; path = DebtCollector.app; sourceTree = BUILT_PRODUCTS_DIR; };
		5A3ED26520F4AA6700E79CE6 /* AppDelegate.swift */ = {isa = PBXFileReference; lastKnownFileType = sourcecode.swift; path = AppDelegate.swift; sourceTree = "<group>"; };
		5A3ED26720F4AA6700E79CE6 /* OverviewViewController.swift */ = {isa = PBXFileReference; lastKnownFileType = sourcecode.swift; path = OverviewViewController.swift; sourceTree = "<group>"; };
		5A3ED26A20F4AA6700E79CE6 /* Base */ = {isa = PBXFileReference; lastKnownFileType = file.storyboard; name = Base; path = Base.lproj/Main.storyboard; sourceTree = "<group>"; };
		5A3ED26C20F4AA6A00E79CE6 /* Assets.xcassets */ = {isa = PBXFileReference; lastKnownFileType = folder.assetcatalog; path = Assets.xcassets; sourceTree = "<group>"; };
		5A3ED26F20F4AA6A00E79CE6 /* Base */ = {isa = PBXFileReference; lastKnownFileType = file.storyboard; name = Base; path = Base.lproj/LaunchScreen.storyboard; sourceTree = "<group>"; };
		5A3ED27120F4AA6A00E79CE6 /* Info.plist */ = {isa = PBXFileReference; lastKnownFileType = text.plist.xml; path = Info.plist; sourceTree = "<group>"; };
		5A3EE36220FC93E100756EC8 /* BriefTransactionTableViewCell.xib */ = {isa = PBXFileReference; fileEncoding = 4; lastKnownFileType = file.xib; path = BriefTransactionTableViewCell.xib; sourceTree = "<group>"; };
		5A3EE36420FC950B00756EC8 /* BriefTransactionTableViewCell.swift */ = {isa = PBXFileReference; lastKnownFileType = sourcecode.swift; path = BriefTransactionTableViewCell.swift; sourceTree = "<group>"; };
		5A3F33F72101D5B200B28C14 /* TransactionListViewController.swift */ = {isa = PBXFileReference; lastKnownFileType = sourcecode.swift; path = TransactionListViewController.swift; sourceTree = "<group>"; };
		5A3F33F92101D7A700B28C14 /* GroupedTransactionTableViewCell.xib */ = {isa = PBXFileReference; lastKnownFileType = file.xib; path = GroupedTransactionTableViewCell.xib; sourceTree = "<group>"; };
		5A3F33FB2101D7B800B28C14 /* GroupedTransactionTableViewCell.swift */ = {isa = PBXFileReference; lastKnownFileType = sourcecode.swift; path = GroupedTransactionTableViewCell.swift; sourceTree = "<group>"; };
		5A3F33FD2101E36100B28C14 /* NewTransactionViewController.swift */ = {isa = PBXFileReference; lastKnownFileType = sourcecode.swift; path = NewTransactionViewController.swift; sourceTree = "<group>"; };
		5A4690B920F5FE4400911E04 /* Transaction.swift */ = {isa = PBXFileReference; lastKnownFileType = sourcecode.swift; path = Transaction.swift; sourceTree = "<group>"; };
		5A4690BB20F600DF00911E04 /* OverviewTableViewCell.xib */ = {isa = PBXFileReference; lastKnownFileType = file.xib; path = OverviewTableViewCell.xib; sourceTree = "<group>"; };
		5A4690BD20F6017200911E04 /* OverviewTableViewCell.swift */ = {isa = PBXFileReference; lastKnownFileType = sourcecode.swift; path = OverviewTableViewCell.swift; sourceTree = "<group>"; };
		5A6BF0E220F75D0A0035407A /* RealmWrapper.swift */ = {isa = PBXFileReference; lastKnownFileType = sourcecode.swift; path = RealmWrapper.swift; sourceTree = "<group>"; };
		5A8A05E920FDD65300D98280 /* PersonViewController.swift */ = {isa = PBXFileReference; lastKnownFileType = sourcecode.swift; path = PersonViewController.swift; sourceTree = "<group>"; };
		5A9BC28720F8A12600DAFAC1 /* PeopleViewController.swift */ = {isa = PBXFileReference; lastKnownFileType = sourcecode.swift; path = PeopleViewController.swift; sourceTree = "<group>"; };
		976FEA4EE3B23BDF47360425 /* Pods-DebtCollector.release.xcconfig */ = {isa = PBXFileReference; includeInIndex = 1; lastKnownFileType = text.xcconfig; name = "Pods-DebtCollector.release.xcconfig"; path = "Pods/Target Support Files/Pods-DebtCollector/Pods-DebtCollector.release.xcconfig"; sourceTree = "<group>"; };
		9E003D07B2AA4C3D8BEE2F21 /* Pods_DebtCollector.framework */ = {isa = PBXFileReference; explicitFileType = wrapper.framework; includeInIndex = 0; path = Pods_DebtCollector.framework; sourceTree = BUILT_PRODUCTS_DIR; };
/* End PBXFileReference section */

/* Begin PBXFrameworksBuildPhase section */
		5A3ED25F20F4AA6700E79CE6 /* Frameworks */ = {
			isa = PBXFrameworksBuildPhase;
			buildActionMask = 2147483647;
			files = (
				C2ED3D93ECF20D208D037617 /* Pods_DebtCollector.framework in Frameworks */,
			);
			runOnlyForDeploymentPostprocessing = 0;
		};
/* End PBXFrameworksBuildPhase section */

/* Begin PBXGroup section */
		4D55AA88D850CB7152394DAF /* Frameworks */ = {
			isa = PBXGroup;
			children = (
				9E003D07B2AA4C3D8BEE2F21 /* Pods_DebtCollector.framework */,
			);
			name = Frameworks;
			sourceTree = "<group>";
		};
		5A3ED25920F4AA6700E79CE6 = {
			isa = PBXGroup;
			children = (
				5A3ED26420F4AA6700E79CE6 /* DebtCollector */,
				5A3ED26320F4AA6700E79CE6 /* Products */,
				EE7C594B368C39A6B777292C /* Pods */,
				4D55AA88D850CB7152394DAF /* Frameworks */,
			);
			sourceTree = "<group>";
		};
		5A3ED26320F4AA6700E79CE6 /* Products */ = {
			isa = PBXGroup;
			children = (
				5A3ED26220F4AA6700E79CE6 /* DebtCollector.app */,
			);
			name = Products;
			sourceTree = "<group>";
		};
		5A3ED26420F4AA6700E79CE6 /* DebtCollector */ = {
			isa = PBXGroup;
			children = (
				5A3ED26520F4AA6700E79CE6 /* AppDelegate.swift */,
				5A3ED26720F4AA6700E79CE6 /* OverviewViewController.swift */,
				5A9BC28720F8A12600DAFAC1 /* PeopleViewController.swift */,
				5A8A05E920FDD65300D98280 /* PersonViewController.swift */,
				5A3F33F72101D5B200B28C14 /* TransactionListViewController.swift */,
				5A3F33FD2101E36100B28C14 /* NewTransactionViewController.swift */,
				5A3ED26920F4AA6700E79CE6 /* Main.storyboard */,
				5A4690B920F5FE4400911E04 /* Transaction.swift */,
				5A6BF0E220F75D0A0035407A /* RealmWrapper.swift */,
				5A3ED26C20F4AA6A00E79CE6 /* Assets.xcassets */,
				5A3ED26E20F4AA6A00E79CE6 /* LaunchScreen.storyboard */,
				5A4690BB20F600DF00911E04 /* OverviewTableViewCell.xib */,
				5A4690BD20F6017200911E04 /* OverviewTableViewCell.swift */,
				5A3EE36220FC93E100756EC8 /* BriefTransactionTableViewCell.xib */,
				5A3EE36420FC950B00756EC8 /* BriefTransactionTableViewCell.swift */,
				5A3F33F92101D7A700B28C14 /* GroupedTransactionTableViewCell.xib */,
				5A3F33FB2101D7B800B28C14 /* GroupedTransactionTableViewCell.swift */,
				5A3ED27120F4AA6A00E79CE6 /* Info.plist */,
			);
			path = DebtCollector;
			sourceTree = "<group>";
		};
		EE7C594B368C39A6B777292C /* Pods */ = {
			isa = PBXGroup;
			children = (
				280BCFAF28ED4605356A222F /* Pods-DebtCollector.debug.xcconfig */,
				976FEA4EE3B23BDF47360425 /* Pods-DebtCollector.release.xcconfig */,
			);
			name = Pods;
			sourceTree = "<group>";
		};
/* End PBXGroup section */

/* Begin PBXNativeTarget section */
		5A3ED26120F4AA6700E79CE6 /* DebtCollector */ = {
			isa = PBXNativeTarget;
			buildConfigurationList = 5A3ED27420F4AA6A00E79CE6 /* Build configuration list for PBXNativeTarget "DebtCollector" */;
			buildPhases = (
				F0EC886737A8248A71806CAD /* [CP] Check Pods Manifest.lock */,
				5A3ED25E20F4AA6700E79CE6 /* Sources */,
				5A3ED25F20F4AA6700E79CE6 /* Frameworks */,
				5A3ED26020F4AA6700E79CE6 /* Resources */,
				2CA8962F86CB29853F63FAB0 /* [CP] Embed Pods Frameworks */,
				D2B0800683DFFBDD074B51CC /* [CP] Copy Pods Resources */,
			);
			buildRules = (
			);
			dependencies = (
			);
			name = DebtCollector;
			productName = DebtCollector;
			productReference = 5A3ED26220F4AA6700E79CE6 /* DebtCollector.app */;
			productType = "com.apple.product-type.application";
		};
/* End PBXNativeTarget section */

/* Begin PBXProject section */
		5A3ED25A20F4AA6700E79CE6 /* Project object */ = {
			isa = PBXProject;
			attributes = {
				LastSwiftUpdateCheck = 0930;
				LastUpgradeCheck = 0930;
				ORGANIZATIONNAME = "Mulang Su";
				TargetAttributes = {
					5A3ED26120F4AA6700E79CE6 = {
						CreatedOnToolsVersion = 9.3.1;
						ProvisioningStyle = Automatic;
					};
				};
			};
			buildConfigurationList = 5A3ED25D20F4AA6700E79CE6 /* Build configuration list for PBXProject "DebtCollector" */;
			compatibilityVersion = "Xcode 8.0";
			developmentRegion = en;
			hasScannedForEncodings = 0;
			knownRegions = (
				en,
				Base,
			);
			mainGroup = 5A3ED25920F4AA6700E79CE6;
			productRefGroup = 5A3ED26320F4AA6700E79CE6 /* Products */;
			projectDirPath = "";
			projectRoot = "";
			targets = (
				5A3ED26120F4AA6700E79CE6 /* DebtCollector */,
			);
		};
/* End PBXProject section */

/* Begin PBXResourcesBuildPhase section */
		5A3ED26020F4AA6700E79CE6 /* Resources */ = {
			isa = PBXResourcesBuildPhase;
			buildActionMask = 2147483647;
			files = (
				5A4690BC20F600DF00911E04 /* OverviewTableViewCell.xib in Resources */,
				5A3F33FA2101D7A700B28C14 /* GroupedTransactionTableViewCell.xib in Resources */,
				5A3ED27020F4AA6A00E79CE6 /* LaunchScreen.storyboard in Resources */,
				5A3ED26D20F4AA6A00E79CE6 /* Assets.xcassets in Resources */,
				5A3EE36320FC93E100756EC8 /* BriefTransactionTableViewCell.xib in Resources */,
				5A3ED26B20F4AA6700E79CE6 /* Main.storyboard in Resources */,
			);
			runOnlyForDeploymentPostprocessing = 0;
		};
/* End PBXResourcesBuildPhase section */

/* Begin PBXShellScriptBuildPhase section */
		2CA8962F86CB29853F63FAB0 /* [CP] Embed Pods Frameworks */ = {
			isa = PBXShellScriptBuildPhase;
			buildActionMask = 2147483647;
			files = (
			);
			inputPaths = (
				"${SRCROOT}/Pods/Target Support Files/Pods-DebtCollector/Pods-DebtCollector-frameworks.sh",
				"${BUILT_PRODUCTS_DIR}/Differentiator/Differentiator.framework",
				"${BUILT_PRODUCTS_DIR}/Eureka/Eureka.framework",
				"${BUILT_PRODUCTS_DIR}/LUAutocompleteView/LUAutocompleteView.framework",
				"${BUILT_PRODUCTS_DIR}/Realm/Realm.framework",
				"${BUILT_PRODUCTS_DIR}/RealmSwift/RealmSwift.framework",
				"${BUILT_PRODUCTS_DIR}/RxCocoa/RxCocoa.framework",
				"${BUILT_PRODUCTS_DIR}/RxDataSources/RxDataSources.framework",
				"${BUILT_PRODUCTS_DIR}/RxRealm/RxRealm.framework",
				"${BUILT_PRODUCTS_DIR}/RxSwift/RxSwift.framework",
				"${BUILT_PRODUCTS_DIR}/SCLAlertView/SCLAlertView.framework",
				"${BUILT_PRODUCTS_DIR}/SwiftyUtils/SwiftyUtils.framework",
			);
			name = "[CP] Embed Pods Frameworks";
			outputPaths = (
				"${TARGET_BUILD_DIR}/${FRAMEWORKS_FOLDER_PATH}/Differentiator.framework",
				"${TARGET_BUILD_DIR}/${FRAMEWORKS_FOLDER_PATH}/Eureka.framework",
				"${TARGET_BUILD_DIR}/${FRAMEWORKS_FOLDER_PATH}/LUAutocompleteView.framework",
				"${TARGET_BUILD_DIR}/${FRAMEWORKS_FOLDER_PATH}/Realm.framework",
				"${TARGET_BUILD_DIR}/${FRAMEWORKS_FOLDER_PATH}/RealmSwift.framework",
				"${TARGET_BUILD_DIR}/${FRAMEWORKS_FOLDER_PATH}/RxCocoa.framework",
				"${TARGET_BUILD_DIR}/${FRAMEWORKS_FOLDER_PATH}/RxDataSources.framework",
				"${TARGET_BUILD_DIR}/${FRAMEWORKS_FOLDER_PATH}/RxRealm.framework",
				"${TARGET_BUILD_DIR}/${FRAMEWORKS_FOLDER_PATH}/RxSwift.framework",
				"${TARGET_BUILD_DIR}/${FRAMEWORKS_FOLDER_PATH}/SCLAlertView.framework",
				"${TARGET_BUILD_DIR}/${FRAMEWORKS_FOLDER_PATH}/SwiftyUtils.framework",
			);
			runOnlyForDeploymentPostprocessing = 0;
			shellPath = /bin/sh;
			shellScript = "\"${SRCROOT}/Pods/Target Support Files/Pods-DebtCollector/Pods-DebtCollector-frameworks.sh\"\n";
			showEnvVarsInLog = 0;
		};
		D2B0800683DFFBDD074B51CC /* [CP] Copy Pods Resources */ = {
			isa = PBXShellScriptBuildPhase;
			buildActionMask = 2147483647;
			files = (
			);
			inputPaths = (
			);
			name = "[CP] Copy Pods Resources";
			outputPaths = (
			);
			runOnlyForDeploymentPostprocessing = 0;
			shellPath = /bin/sh;
			shellScript = "\"${SRCROOT}/Pods/Target Support Files/Pods-DebtCollector/Pods-DebtCollector-resources.sh\"\n";
			showEnvVarsInLog = 0;
		};
		F0EC886737A8248A71806CAD /* [CP] Check Pods Manifest.lock */ = {
			isa = PBXShellScriptBuildPhase;
			buildActionMask = 2147483647;
			files = (
			);
			inputPaths = (
				"${PODS_PODFILE_DIR_PATH}/Podfile.lock",
				"${PODS_ROOT}/Manifest.lock",
			);
			name = "[CP] Check Pods Manifest.lock";
			outputPaths = (
				"$(DERIVED_FILE_DIR)/Pods-DebtCollector-checkManifestLockResult.txt",
			);
			runOnlyForDeploymentPostprocessing = 0;
			shellPath = /bin/sh;
			shellScript = "diff \"${PODS_PODFILE_DIR_PATH}/Podfile.lock\" \"${PODS_ROOT}/Manifest.lock\" > /dev/null\nif [ $? != 0 ] ; then\n    # print error to STDERR\n    echo \"error: The sandbox is not in sync with the Podfile.lock. Run 'pod install' or update your CocoaPods installation.\" >&2\n    exit 1\nfi\n# This output is used by Xcode 'outputs' to avoid re-running this script phase.\necho \"SUCCESS\" > \"${SCRIPT_OUTPUT_FILE_0}\"\n";
			showEnvVarsInLog = 0;
		};
/* End PBXShellScriptBuildPhase section */

/* Begin PBXSourcesBuildPhase section */
		5A3ED25E20F4AA6700E79CE6 /* Sources */ = {
			isa = PBXSourcesBuildPhase;
			buildActionMask = 2147483647;
			files = (
				5A4690BE20F6017200911E04 /* OverviewTableViewCell.swift in Sources */,
				5A3ED26820F4AA6700E79CE6 /* OverviewViewController.swift in Sources */,
				5A3F33FE2101E36100B28C14 /* NewTransactionViewController.swift in Sources */,
				5A6BF0E320F75D0A0035407A /* RealmWrapper.swift in Sources */,
				5A8A05EA20FDD65300D98280 /* PersonViewController.swift in Sources */,
				5A3ED26620F4AA6700E79CE6 /* AppDelegate.swift in Sources */,
				5A3F33FC2101D7B800B28C14 /* GroupedTransactionTableViewCell.swift in Sources */,
				5A4690BA20F5FE4400911E04 /* Transaction.swift in Sources */,
				5A3EE36520FC950B00756EC8 /* BriefTransactionTableViewCell.swift in Sources */,
				5A3F33F82101D5B300B28C14 /* TransactionListViewController.swift in Sources */,
				5A9BC28820F8A12600DAFAC1 /* PeopleViewController.swift in Sources */,
			);
			runOnlyForDeploymentPostprocessing = 0;
		};
/* End PBXSourcesBuildPhase section */

/* Begin PBXVariantGroup section */
		5A3ED26920F4AA6700E79CE6 /* Main.storyboard */ = {
			isa = PBXVariantGroup;
			children = (
				5A3ED26A20F4AA6700E79CE6 /* Base */,
			);
			name = Main.storyboard;
			sourceTree = "<group>";
		};
		5A3ED26E20F4AA6A00E79CE6 /* LaunchScreen.storyboard */ = {
			isa = PBXVariantGroup;
			children = (
				5A3ED26F20F4AA6A00E79CE6 /* Base */,
			);
			name = LaunchScreen.storyboard;
			sourceTree = "<group>";
		};
/* End PBXVariantGroup section */

/* Begin XCBuildConfiguration section */
		5A3ED27220F4AA6A00E79CE6 /* Debug */ = {
			isa = XCBuildConfiguration;
			buildSettings = {
				ALWAYS_SEARCH_USER_PATHS = NO;
				CLANG_ANALYZER_NONNULL = YES;
				CLANG_ANALYZER_NUMBER_OBJECT_CONVERSION = YES_AGGRESSIVE;
				CLANG_CXX_LANGUAGE_STANDARD = "gnu++14";
				CLANG_CXX_LIBRARY = "libc++";
				CLANG_ENABLE_MODULES = YES;
				CLANG_ENABLE_OBJC_ARC = YES;
				CLANG_ENABLE_OBJC_WEAK = YES;
				CLANG_WARN_BLOCK_CAPTURE_AUTORELEASING = YES;
				CLANG_WARN_BOOL_CONVERSION = YES;
				CLANG_WARN_COMMA = YES;
				CLANG_WARN_CONSTANT_CONVERSION = YES;
				CLANG_WARN_DEPRECATED_OBJC_IMPLEMENTATIONS = YES;
				CLANG_WARN_DIRECT_OBJC_ISA_USAGE = YES_ERROR;
				CLANG_WARN_DOCUMENTATION_COMMENTS = YES;
				CLANG_WARN_EMPTY_BODY = YES;
				CLANG_WARN_ENUM_CONVERSION = YES;
				CLANG_WARN_INFINITE_RECURSION = YES;
				CLANG_WARN_INT_CONVERSION = YES;
				CLANG_WARN_NON_LITERAL_NULL_CONVERSION = YES;
				CLANG_WARN_OBJC_IMPLICIT_RETAIN_SELF = YES;
				CLANG_WARN_OBJC_LITERAL_CONVERSION = YES;
				CLANG_WARN_OBJC_ROOT_CLASS = YES_ERROR;
				CLANG_WARN_RANGE_LOOP_ANALYSIS = YES;
				CLANG_WARN_STRICT_PROTOTYPES = YES;
				CLANG_WARN_SUSPICIOUS_MOVE = YES;
				CLANG_WARN_UNGUARDED_AVAILABILITY = YES_AGGRESSIVE;
				CLANG_WARN_UNREACHABLE_CODE = YES;
				CLANG_WARN__DUPLICATE_METHOD_MATCH = YES;
				CODE_SIGN_IDENTITY = "iPhone Developer";
				COPY_PHASE_STRIP = NO;
				DEBUG_INFORMATION_FORMAT = dwarf;
				ENABLE_STRICT_OBJC_MSGSEND = YES;
				ENABLE_TESTABILITY = YES;
				GCC_C_LANGUAGE_STANDARD = gnu11;
				GCC_DYNAMIC_NO_PIC = NO;
				GCC_NO_COMMON_BLOCKS = YES;
				GCC_OPTIMIZATION_LEVEL = 0;
				GCC_PREPROCESSOR_DEFINITIONS = (
					"DEBUG=1",
					"$(inherited)",
				);
				GCC_WARN_64_TO_32_BIT_CONVERSION = YES;
				GCC_WARN_ABOUT_RETURN_TYPE = YES_ERROR;
				GCC_WARN_UNDECLARED_SELECTOR = YES;
				GCC_WARN_UNINITIALIZED_AUTOS = YES_AGGRESSIVE;
				GCC_WARN_UNUSED_FUNCTION = YES;
				GCC_WARN_UNUSED_VARIABLE = YES;
				IPHONEOS_DEPLOYMENT_TARGET = 11.3;
				MTL_ENABLE_DEBUG_INFO = YES;
				ONLY_ACTIVE_ARCH = YES;
				SDKROOT = iphoneos;
				SWIFT_ACTIVE_COMPILATION_CONDITIONS = DEBUG;
				SWIFT_OPTIMIZATION_LEVEL = "-Onone";
			};
			name = Debug;
		};
		5A3ED27320F4AA6A00E79CE6 /* Release */ = {
			isa = XCBuildConfiguration;
			buildSettings = {
				ALWAYS_SEARCH_USER_PATHS = NO;
				CLANG_ANALYZER_NONNULL = YES;
				CLANG_ANALYZER_NUMBER_OBJECT_CONVERSION = YES_AGGRESSIVE;
				CLANG_CXX_LANGUAGE_STANDARD = "gnu++14";
				CLANG_CXX_LIBRARY = "libc++";
				CLANG_ENABLE_MODULES = YES;
				CLANG_ENABLE_OBJC_ARC = YES;
				CLANG_ENABLE_OBJC_WEAK = YES;
				CLANG_WARN_BLOCK_CAPTURE_AUTORELEASING = YES;
				CLANG_WARN_BOOL_CONVERSION = YES;
				CLANG_WARN_COMMA = YES;
				CLANG_WARN_CONSTANT_CONVERSION = YES;
				CLANG_WARN_DEPRECATED_OBJC_IMPLEMENTATIONS = YES;
				CLANG_WARN_DIRECT_OBJC_ISA_USAGE = YES_ERROR;
				CLANG_WARN_DOCUMENTATION_COMMENTS = YES;
				CLANG_WARN_EMPTY_BODY = YES;
				CLANG_WARN_ENUM_CONVERSION = YES;
				CLANG_WARN_INFINITE_RECURSION = YES;
				CLANG_WARN_INT_CONVERSION = YES;
				CLANG_WARN_NON_LITERAL_NULL_CONVERSION = YES;
				CLANG_WARN_OBJC_IMPLICIT_RETAIN_SELF = YES;
				CLANG_WARN_OBJC_LITERAL_CONVERSION = YES;
				CLANG_WARN_OBJC_ROOT_CLASS = YES_ERROR;
				CLANG_WARN_RANGE_LOOP_ANALYSIS = YES;
				CLANG_WARN_STRICT_PROTOTYPES = YES;
				CLANG_WARN_SUSPICIOUS_MOVE = YES;
				CLANG_WARN_UNGUARDED_AVAILABILITY = YES_AGGRESSIVE;
				CLANG_WARN_UNREACHABLE_CODE = YES;
				CLANG_WARN__DUPLICATE_METHOD_MATCH = YES;
				CODE_SIGN_IDENTITY = "iPhone Developer";
				COPY_PHASE_STRIP = NO;
				DEBUG_INFORMATION_FORMAT = "dwarf-with-dsym";
				ENABLE_NS_ASSERTIONS = NO;
				ENABLE_STRICT_OBJC_MSGSEND = YES;
				GCC_C_LANGUAGE_STANDARD = gnu11;
				GCC_NO_COMMON_BLOCKS = YES;
				GCC_WARN_64_TO_32_BIT_CONVERSION = YES;
				GCC_WARN_ABOUT_RETURN_TYPE = YES_ERROR;
				GCC_WARN_UNDECLARED_SELECTOR = YES;
				GCC_WARN_UNINITIALIZED_AUTOS = YES_AGGRESSIVE;
				GCC_WARN_UNUSED_FUNCTION = YES;
				GCC_WARN_UNUSED_VARIABLE = YES;
				IPHONEOS_DEPLOYMENT_TARGET = 11.3;
				MTL_ENABLE_DEBUG_INFO = NO;
				SDKROOT = iphoneos;
				SWIFT_OPTIMIZATION_LEVEL = "-Owholemodule";
				VALIDATE_PRODUCT = YES;
			};
			name = Release;
		};
		5A3ED27520F4AA6A00E79CE6 /* Debug */ = {
			isa = XCBuildConfiguration;
			baseConfigurationReference = 280BCFAF28ED4605356A222F /* Pods-DebtCollector.debug.xcconfig */;
			buildSettings = {
				ASSETCATALOG_COMPILER_APPICON_NAME = AppIcon;
				CODE_SIGN_STYLE = Automatic;
				DEVELOPMENT_TEAM = E9MW74DJ4Y;
				INFOPLIST_FILE = DebtCollector/Info.plist;
				IPHONEOS_DEPLOYMENT_TARGET = 9.0;
				LD_RUNPATH_SEARCH_PATHS = "$(inherited) @executable_path/Frameworks";
				PRODUCT_BUNDLE_IDENTIFIER = io.github.sweeper777.DebtCollector;
				PRODUCT_NAME = "$(TARGET_NAME)";
				SWIFT_VERSION = 4.0;
				TARGETED_DEVICE_FAMILY = "1,2";
			};
			name = Debug;
		};
		5A3ED27620F4AA6A00E79CE6 /* Release */ = {
			isa = XCBuildConfiguration;
			baseConfigurationReference = 976FEA4EE3B23BDF47360425 /* Pods-DebtCollector.release.xcconfig */;
			buildSettings = {
				ASSETCATALOG_COMPILER_APPICON_NAME = AppIcon;
				CODE_SIGN_STYLE = Automatic;
				DEVELOPMENT_TEAM = E9MW74DJ4Y;
				INFOPLIST_FILE = DebtCollector/Info.plist;
				IPHONEOS_DEPLOYMENT_TARGET = 9.0;
				LD_RUNPATH_SEARCH_PATHS = "$(inherited) @executable_path/Frameworks";
				PRODUCT_BUNDLE_IDENTIFIER = io.github.sweeper777.DebtCollector;
				PRODUCT_NAME = "$(TARGET_NAME)";
				SWIFT_VERSION = 4.0;
				TARGETED_DEVICE_FAMILY = "1,2";
			};
			name = Release;
		};
/* End XCBuildConfiguration section */

/* Begin XCConfigurationList section */
		5A3ED25D20F4AA6700E79CE6 /* Build configuration list for PBXProject "DebtCollector" */ = {
			isa = XCConfigurationList;
			buildConfigurations = (
				5A3ED27220F4AA6A00E79CE6 /* Debug */,
				5A3ED27320F4AA6A00E79CE6 /* Release */,
			);
			defaultConfigurationIsVisible = 0;
			defaultConfigurationName = Release;
		};
		5A3ED27420F4AA6A00E79CE6 /* Build configuration list for PBXNativeTarget "DebtCollector" */ = {
			isa = XCConfigurationList;
			buildConfigurations = (
				5A3ED27520F4AA6A00E79CE6 /* Debug */,
				5A3ED27620F4AA6A00E79CE6 /* Release */,
			);
			defaultConfigurationIsVisible = 0;
			defaultConfigurationName = Release;
		};
/* End XCConfigurationList section */
	};
	rootObject = 5A3ED25A20F4AA6700E79CE6 /* Project object */;
}
