PODS:
  - Differentiator (3.1.0)
  - Eureka (4.3.0)
  - Firebase/Core (5.9.0):
    - Firebase/CoreOnly
    - FirebaseAnalytics (= 5.2.0)
  - Firebase/CoreOnly (5.9.0):
    - FirebaseCore (= 5.1.4)
  - FirebaseAnalytics (5.2.0):
    - FirebaseCore (~> 5.1)
    - FirebaseInstanceID (~> 3.2)
    - GoogleAppMeasurement (~> 5.2)
    - GoogleUtilities/AppDelegateSwizzler (~> 5.2)
    - GoogleUtilities/MethodSwizzler (~> 5.2)
    - GoogleUtilities/Network (~> 5.2)
    - "GoogleUtilities/NSData+zlib (~> 5.2)"
    - nanopb (~> 0.3)
  - FirebaseCore (5.1.4):
    - GoogleUtilities/Logger (~> 5.2)
  - FirebaseInstanceID (3.2.2):
    - FirebaseCore (~> 5.1)
    - GoogleUtilities/Environment (~> 5.3)
    - GoogleUtilities/UserDefaults (~> 5.3)
  - FSCalendar (2.7.9)
  - GoogleAppMeasurement (5.2.0):
    - GoogleUtilities/AppDelegateSwizzler (~> 5.2)
    - GoogleUtilities/MethodSwizzler (~> 5.2)
    - GoogleUtilities/Network (~> 5.2)
    - "GoogleUtilities/NSData+zlib (~> 5.2)"
    - nanopb (~> 0.3)
  - GoogleUtilities/AppDelegateSwizzler (5.3.0):
    - GoogleUtilities/Environment
    - GoogleUtilities/Logger
    - GoogleUtilities/Network
  - GoogleUtilities/Environment (5.3.0)
  - GoogleUtilities/Logger (5.3.0):
    - GoogleUtilities/Environment
  - GoogleUtilities/MethodSwizzler (5.3.0):
    - GoogleUtilities/Logger
  - GoogleUtilities/Network (5.3.0):
    - GoogleUtilities/Logger
    - "GoogleUtilities/NSData+zlib"
    - GoogleUtilities/Reachability
  - "GoogleUtilities/NSData+zlib (5.3.0)"
  - GoogleUtilities/Reachability (5.3.0):
    - GoogleUtilities/Logger
  - GoogleUtilities/UserDefaults (5.3.0):
    - GoogleUtilities/Logger
  - ImageRow (3.1.0):
    - Eureka (~> 4.0)
  - LTHPasscodeViewController (3.9.2)
  - MGSwipeTableCell (1.6.7)
  - nanopb (0.3.8):
    - nanopb/decode (= 0.3.8)
    - nanopb/encode (= 0.3.8)
  - nanopb/decode (0.3.8)
  - nanopb/encode (0.3.8)
  - Realm (3.10.0):
    - Realm/Headers (= 3.10.0)
  - Realm/Headers (3.10.0)
  - RealmSwift (3.10.0):
    - Realm (= 3.10.0)
  - RxCocoa (4.3.1):
    - RxSwift (~> 4.0)
  - RxDataSources (3.1.0):
    - Differentiator (~> 3.0)
    - RxCocoa (~> 4.0)
    - RxSwift (~> 4.0)
  - RxRealm (0.7.5):
    - RealmSwift (~> 3.0)
    - RxSwift (~> 4.0)
  - RxSwift (4.3.1)
  - SCLAlertView (0.7.0)
  - SearchTextField (1.2.2)
  - SwiftyUtils (2.0.0)

DEPENDENCIES:
  - Eureka
  - Firebase/Core
  - FSCalendar
  - ImageRow (from `https://github.com/EurekaCommunity/ImageRow.git`, branch `master`)
  - LTHPasscodeViewController
  - MGSwipeTableCell
  - RealmSwift
  - RxCocoa
  - RxDataSources
  - RxRealm
  - RxSwift
  - SCLAlertView (from `https://github.com/ahmedsafadii/SCLAlertView-Swift.git`)
  - SearchTextField
  - SwiftyUtils

SPEC REPOS:
  https://github.com/cocoapods/specs.git:
    - Differentiator
    - Eureka
    - Firebase
    - FirebaseAnalytics
    - FirebaseCore
    - FirebaseInstanceID
    - FSCalendar
    - GoogleAppMeasurement
    - GoogleUtilities
    - LTHPasscodeViewController
    - MGSwipeTableCell
    - nanopb
    - Realm
    - RealmSwift
    - RxCocoa
    - RxDataSources
    - RxRealm
    - RxSwift
    - SearchTextField
    - SwiftyUtils

EXTERNAL SOURCES:
  ImageRow:
    :branch: master
    :git: https://github.com/EurekaCommunity/ImageRow.git
  SCLAlertView:
    :git: https://github.com/ahmedsafadii/SCLAlertView-Swift.git

CHECKOUT OPTIONS:
  ImageRow:
    :commit: 6e75b9408bd3393daea467afa73c07cc021a87ae
    :git: https://github.com/EurekaCommunity/ImageRow.git
  SCLAlertView:
    :commit: 90826ee643e319375aadd6415aaa0e8fce643766
    :git: https://github.com/ahmedsafadii/SCLAlertView-Swift.git

SPEC CHECKSUMS:
  Differentiator: be49ca3408f0ecfc761e4c7763d20c62be01b9ad
  Eureka: 6d711cb30ca333b4bc893110285a722ae3840114
  Firebase: 383fa29aca93e371cab776b48a5c66544d3c2003
  FirebaseAnalytics: 831f1f127f4a75698e9875a87bf7e2668730d953
  FirebaseCore: 2a84b6b325792a4319ef71ee18819dcba08d2fd7
  FirebaseInstanceID: 78ba376fcd5b94c001f9999b2cbd3d1f1e56e78d
  FSCalendar: a04b09f16f811bc92e82f3cf852a15225233b9d5
  GoogleAppMeasurement: 2b3a023a61239c8d002e6e4fcf4abce8eddce0e0
  GoogleUtilities: 760ccb53b7c7f40f9c02d8c241f76f841a7a6162
  ImageRow: 1ea483078bfa3d880a7fc76fdfcddfd5f29a9e6b
  LTHPasscodeViewController: 9834c9c9eb50a7fa9a996cdd00113ae55840c7c3
  MGSwipeTableCell: fb20e983988bde2b8d0df29c2d9e1d8ffd10b74a
  nanopb: 5601e6bca2dbf1ed831b519092ec110f66982ca3
  Realm: 85ab9e4f779d66f6e9ffeb118dc25b7f130c96ac
  RealmSwift: 69121c8b86d0ae005fb779efdb10e606732e1c74
  RxCocoa: 78763c7b07d02455598d9fc3c1ad091a28b73635
  RxDataSources: a843bad90c29817f5923ec8163f4af2de084ceb3
  RxRealm: a6c6c0a07cb61f34209969ca6657734edfdfff30
  RxSwift: fe0fd770a43acdb7d0a53da411c9b892e69bb6e4
  SCLAlertView: 8a14ffc40590c619e183eed2298b854385f30be1
  SearchTextField: a0992739d4b05dcbb40fb3a5cc6526bd991bdd23
  SwiftyUtils: ae914aa96b5672e9282904771e5e5b44d2e307d6

PODFILE CHECKSUM: 3887bb7d16882ef1acdd74788ac769d151257d01

COCOAPODS: 1.5.3
