PODS:
  - Differentiator (3.0.2)
  - Eureka (4.1.1)
  - FSCalendar (2.7.9)
  - LTHPasscodeViewController (3.9.1)
  - Realm (3.5.0):
    - Realm/Headers (= 3.5.0)
  - Realm/Headers (3.5.0)
  - RealmSwift (3.5.0):
    - Realm (= 3.5.0)
  - RxCocoa (4.1.2):
    - RxSwift (~> 4.0)
  - RxDataSources (3.0.2):
    - Differentiator (~> 3.0)
    - RxCocoa (~> 4.0)
    - RxSwift (~> 4.0)
  - RxRealm (0.7.5):
    - RealmSwift (~> 3.0)
    - RxSwift (~> 4.0)
  - RxSwift (4.1.2)
  - SCLAlertView (0.7.0)
  - SearchTextField (1.2.1)
  - SuggestionRow (2.1.0):
    - Eureka (~> 4.0)
  - SwiftyUtils (2.0.0)

DEPENDENCIES:
  - Eureka
  - FSCalendar
  - LTHPasscodeViewController
  - RealmSwift
  - RxCocoa
  - RxDataSources
  - RxRealm
  - RxSwift
  - SCLAlertView (from `https://github.com/ahmedsafadii/SCLAlertView-Swift.git`)
  - SearchTextField
  - SuggestionRow
  - SwiftyUtils

SPEC REPOS:
  https://github.com/cocoapods/specs.git:
    - Differentiator
    - Eureka
    - FSCalendar
    - LTHPasscodeViewController
    - Realm
    - RealmSwift
    - RxCocoa
    - RxDataSources
    - RxRealm
    - RxSwift
    - SearchTextField
    - SuggestionRow
    - SwiftyUtils

EXTERNAL SOURCES:
  SCLAlertView:
    :git: https://github.com/ahmedsafadii/SCLAlertView-Swift.git

CHECKOUT OPTIONS:
  SCLAlertView:
    :commit: 90826ee643e319375aadd6415aaa0e8fce643766
    :git: https://github.com/ahmedsafadii/SCLAlertView-Swift.git

SPEC CHECKSUMS:
  Differentiator: a87be69eba49ec4ab460c7671143ee3a9eececfd
  Eureka: b88fb930e42c79f8c03c373d0fcdc28c1d6c50ed
  FSCalendar: a04b09f16f811bc92e82f3cf852a15225233b9d5
  LTHPasscodeViewController: f468d93fed2ffdc8843ac78c270c60d058e3affb
  Realm: 0378021c424e4e2bd6a0e63b27881e929d9b9ad1
  RealmSwift: 3322562622fda2ad596985ead4d8d8be30cf838c
  RxCocoa: d88ba0f1f6abf040011a9eb4b539324fc426843a
  RxDataSources: cb7c31e652a87ebb919da45f716bbb87b3765f6b
  RxRealm: a6c6c0a07cb61f34209969ca6657734edfdfff30
  RxSwift: e49536837d9901277638493ea537394d4b55f570
  SCLAlertView: 8a14ffc40590c619e183eed2298b854385f30be1
  SearchTextField: 261b0febd49194492f29555fff3c5c0019ca84d2
  SuggestionRow: f9a4701e7b8010e9fac71ca07df55a21fe09e979
  SwiftyUtils: ae914aa96b5672e9282904771e5e5b44d2e307d6

PODFILE CHECKSUM: 0c3b156721af5375e80538497058f382da81fcfc

COCOAPODS: 1.5.3
